
Microsoft Visual Studio Solution File, Format Version 12.00
# Visual Studio Version 17
VisualStudioVersion = 17.11.35312.102
MinimumVisualStudioVersion = 10.0.40219.1
Project("{FAE04EC0-301F-11D3-BF4B-00C04F79EFBC}") = "InterviewApp", "InterviewApp.csproj", "{D681574E-5CC6-4BCA-ACD9-CED2DF324FA7}"
EndProject
Project("{FAE04EC0-301F-11D3-BF4B-00C04F79EFBC}") = "InterviewTest", "..\InterviewTest\InterviewTest.csproj", "{7F188560-A44B-4E55-A55B-EF457A342025}"
EndProject
Global
	GlobalSection(SolutionConfigurationPlatforms) = preSolution
		Debug|Any CPU = Debug|Any CPU
		Release|Any CPU = Release|Any CPU
	EndGlobalSection
	GlobalSection(ProjectConfigurationPlatforms) = postSolution
		{D681574E-5CC6-4BCA-ACD9-CED2DF324FA7}.Debug|Any CPU.ActiveCfg = Debug|Any CPU
		{D681574E-5CC6-4BCA-ACD9-CED2DF324FA7}.Debug|Any CPU.Build.0 = Debug|Any CPU
		{D681574E-5CC6-4BCA-ACD9-CED2DF324FA7}.Release|Any CPU.ActiveCfg = Release|Any CPU
		{D681574E-5CC6-4BCA-ACD9-CED2DF324FA7}.Release|Any CPU.Build.0 = Release|Any CPU
		{7F188560-A44B-4E55-A55B-EF457A342025}.Debug|Any CPU.ActiveCfg = Debug|Any CPU
		{7F188560-A44B-4E55-A55B-EF457A342025}.Debug|Any CPU.Build.0 = Debug|Any CPU
		{7F188560-A44B-4E55-A55B-EF457A342025}.Release|Any CPU.ActiveCfg = Release|Any CPU
		{7F188560-A44B-4E55-A55B-EF457A342025}.Release|Any CPU.Build.0 = Release|Any CPU
	EndGlobalSection
	GlobalSection(SolutionProperties) = preSolution
		HideSolutionNode = FALSE
	EndGlobalSection
	GlobalSection(ExtensibilityGlobals) = postSolution
		SolutionGuid = {43083E50-AA12-434D-8DC0-93421B727B82}
	EndGlobalSection
EndGlobal
